
Microsoft Visual Studio Solution File, Format Version 12.00
# Visual Studio Version 16
VisualStudioVersion = 16.0.30611.23
MinimumVisualStudioVersion = 10.0.40219.1
Project("{FAE04EC0-301F-11D3-BF4B-00C04F79EFBC}") = "PDF.it", "PDF.it\PDF.it.csproj", "{3D19DF18-0C2F-4BBA-9376-4DE2FC7D74BB}"
EndProject
Global
	GlobalSection(SolutionConfigurationPlatforms) = preSolution
		Debug|Any CPU = Debug|Any CPU
		Release|Any CPU = Release|Any CPU
	EndGlobalSection
	GlobalSection(ProjectConfigurationPlatforms) = postSolution
		{3D19DF18-0C2F-4BBA-9376-4DE2FC7D74BB}.Debug|Any CPU.ActiveCfg = Debug|Any CPU
		{3D19DF18-0C2F-4BBA-9376-4DE2FC7D74BB}.Debug|Any CPU.Build.0 = Debug|Any CPU
		{3D19DF18-0C2F-4BBA-9376-4DE2FC7D74BB}.Release|Any CPU.ActiveCfg = Release|Any CPU
		{3D19DF18-0C2F-4BBA-9376-4DE2FC7D74BB}.Release|Any CPU.Build.0 = Release|Any CPU
	EndGlobalSection
	GlobalSection(SolutionProperties) = preSolution
		HideSolutionNode = FALSE
	EndGlobalSection
	GlobalSection(ExtensibilityGlobals) = postSolution
		SolutionGuid = {F56B5C2A-4EA5-4A05-A304-CCDEB3CEB5F4}
	EndGlobalSection
EndGlobal
